
Microsoft Visual Studio Solution File, Format Version 12.00
# Visual Studio 15
VisualStudioVersion = 15.0.27130.2010
MinimumVisualStudioVersion = 10.0.40219.1
Project("{FAE04EC0-301F-11D3-BF4B-00C04F79EFBC}") = "TheAlgorithmProject", "TheAlgorithmProject\TheAlgorithmProject.csproj", "{2273A3EE-3C85-4F52-B584-92F7764A4009}"
EndProject
Global
	GlobalSection(SolutionConfigurationPlatforms) = preSolution
		Debug|Any CPU = Debug|Any CPU
		Release|Any CPU = Release|Any CPU
	EndGlobalSection
	GlobalSection(ProjectConfigurationPlatforms) = postSolution
		{2273A3EE-3C85-4F52-B584-92F7764A4009}.Debug|Any CPU.ActiveCfg = Debug|Any CPU
		{2273A3EE-3C85-4F52-B584-92F7764A4009}.Debug|Any CPU.Build.0 = Debug|Any CPU
		{2273A3EE-3C85-4F52-B584-92F7764A4009}.Release|Any CPU.ActiveCfg = Release|Any CPU
		{2273A3EE-3C85-4F52-B584-92F7764A4009}.Release|Any CPU.Build.0 = Release|Any CPU
	EndGlobalSection
	GlobalSection(SolutionProperties) = preSolution
		HideSolutionNode = FALSE
	EndGlobalSection
	GlobalSection(ExtensibilityGlobals) = postSolution
		SolutionGuid = {2D600CF7-5530-446D-92A0-5C71FACB8FDC}
	EndGlobalSection
EndGlobal
